
Microsoft Visual Studio Solution File, Format Version 12.00
# Visual Studio Version 17
VisualStudioVersion = 17.6.33723.286
MinimumVisualStudioVersion = 10.0.40219.1
Project("{FAE04EC0-301F-11D3-BF4B-00C04F79EFBC}") = "Streamish", "Streamish\Streamish.csproj", "{012BDB66-6BA9-4831-960A-3705CA7D37FD}"
EndProject
Global
	GlobalSection(SolutionConfigurationPlatforms) = preSolution
		Debug|Any CPU = Debug|Any CPU
		Release|Any CPU = Release|Any CPU
	EndGlobalSection
	GlobalSection(ProjectConfigurationPlatforms) = postSolution
		{012BDB66-6BA9-4831-960A-3705CA7D37FD}.Debug|Any CPU.ActiveCfg = Debug|Any CPU
		{012BDB66-6BA9-4831-960A-3705CA7D37FD}.Debug|Any CPU.Build.0 = Debug|Any CPU
		{012BDB66-6BA9-4831-960A-3705CA7D37FD}.Release|Any CPU.ActiveCfg = Release|Any CPU
		{012BDB66-6BA9-4831-960A-3705CA7D37FD}.Release|Any CPU.Build.0 = Release|Any CPU
	EndGlobalSection
	GlobalSection(SolutionProperties) = preSolution
		HideSolutionNode = FALSE
	EndGlobalSection
	GlobalSection(ExtensibilityGlobals) = postSolution
		SolutionGuid = {12CA7CFB-6599-491D-B182-955794F356C5}
	EndGlobalSection
EndGlobal
